
Microsoft Visual Studio Solution File, Format Version 12.00
# Visual Studio 15
VisualStudioVersion = 15.0.28307.645
MinimumVisualStudioVersion = 10.0.40219.1
Project("{8BC9CEB8-8B4A-11D0-8D11-00A0C91BC942}") = "Mysterious", "Mysterious\Mysterious.vcxproj", "{4B55D5CB-3977-463E-82C7-0C36C34947BC}"
EndProject
Global
	GlobalSection(SolutionConfigurationPlatforms) = preSolution
		Debug|x64 = Debug|x64
		Debug|x86 = Debug|x86
		Release|x64 = Release|x64
		Release|x86 = Release|x86
	EndGlobalSection
	GlobalSection(ProjectConfigurationPlatforms) = postSolution
		{4B55D5CB-3977-463E-82C7-0C36C34947BC}.Debug|x64.ActiveCfg = Debug|x64
		{4B55D5CB-3977-463E-82C7-0C36C34947BC}.Debug|x64.Build.0 = Debug|x64
		{4B55D5CB-3977-463E-82C7-0C36C34947BC}.Debug|x86.ActiveCfg = Debug|Win32
		{4B55D5CB-3977-463E-82C7-0C36C34947BC}.Debug|x86.Build.0 = Debug|Win32
		{4B55D5CB-3977-463E-82C7-0C36C34947BC}.Release|x64.ActiveCfg = Release|x64
		{4B55D5CB-3977-463E-82C7-0C36C34947BC}.Release|x64.Build.0 = Release|x64
		{4B55D5CB-3977-463E-82C7-0C36C34947BC}.Release|x86.ActiveCfg = Release|Win32
		{4B55D5CB-3977-463E-82C7-0C36C34947BC}.Release|x86.Build.0 = Release|Win32
	EndGlobalSection
	GlobalSection(SolutionProperties) = preSolution
		HideSolutionNode = FALSE
	EndGlobalSection
	GlobalSection(ExtensibilityGlobals) = postSolution
		SolutionGuid = {7559CF9A-B837-4434-A4A8-AAAD691FA80B}
	EndGlobalSection
EndGlobal
