
Microsoft Visual Studio Solution File, Format Version 12.00
# Visual Studio Version 16
VisualStudioVersion = 16.0.31729.503
MinimumVisualStudioVersion = 10.0.40219.1
Project("{FAE04EC0-301F-11D3-BF4B-00C04F79EFBC}") = "Priority Queue", "Priority Queue\Priority Queue.csproj", "{3BA092DA-21D6-439D-B835-179B0CA4512D}"
EndProject
Global
	GlobalSection(SolutionConfigurationPlatforms) = preSolution
		Debug|Any CPU = Debug|Any CPU
		Release|Any CPU = Release|Any CPU
	EndGlobalSection
	GlobalSection(ProjectConfigurationPlatforms) = postSolution
		{3BA092DA-21D6-439D-B835-179B0CA4512D}.Debug|Any CPU.ActiveCfg = Debug|Any CPU
		{3BA092DA-21D6-439D-B835-179B0CA4512D}.Debug|Any CPU.Build.0 = Debug|Any CPU
		{3BA092DA-21D6-439D-B835-179B0CA4512D}.Release|Any CPU.ActiveCfg = Release|Any CPU
		{3BA092DA-21D6-439D-B835-179B0CA4512D}.Release|Any CPU.Build.0 = Release|Any CPU
	EndGlobalSection
	GlobalSection(SolutionProperties) = preSolution
		HideSolutionNode = FALSE
	EndGlobalSection
	GlobalSection(ExtensibilityGlobals) = postSolution
		SolutionGuid = {4BE2924A-BFA3-4CF9-94A7-60424C1C79D5}
	EndGlobalSection
EndGlobal
