
Microsoft Visual Studio Solution File, Format Version 12.00
# Visual Studio Version 16
VisualStudioVersion = 16.0.31729.503
MinimumVisualStudioVersion = 10.0.40219.1
Project("{FAE04EC0-301F-11D3-BF4B-00C04F79EFBC}") = "Pascal's Triangle", "Pascal's Triangle\Pascal's Triangle.csproj", "{044D9C6B-7935-49E7-9130-FE108D0E5BB9}"
EndProject
Global
	GlobalSection(SolutionConfigurationPlatforms) = preSolution
		Debug|Any CPU = Debug|Any CPU
		Release|Any CPU = Release|Any CPU
	EndGlobalSection
	GlobalSection(ProjectConfigurationPlatforms) = postSolution
		{044D9C6B-7935-49E7-9130-FE108D0E5BB9}.Debug|Any CPU.ActiveCfg = Debug|Any CPU
		{044D9C6B-7935-49E7-9130-FE108D0E5BB9}.Debug|Any CPU.Build.0 = Debug|Any CPU
		{044D9C6B-7935-49E7-9130-FE108D0E5BB9}.Release|Any CPU.ActiveCfg = Release|Any CPU
		{044D9C6B-7935-49E7-9130-FE108D0E5BB9}.Release|Any CPU.Build.0 = Release|Any CPU
	EndGlobalSection
	GlobalSection(SolutionProperties) = preSolution
		HideSolutionNode = FALSE
	EndGlobalSection
	GlobalSection(ExtensibilityGlobals) = postSolution
		SolutionGuid = {649059C8-0701-4549-8001-6F07C795F4E5}
	EndGlobalSection
EndGlobal
